{
  "name": "geocamTrack",
  "version": "1.0.0",
  "lockfileVersion": 1,
  "requires": true,
  "dependencies": {
    "google-maps-utility-library-v3-infobubble": {
      "version": "github:diazruy/google-maps-utility-library-v3-infobubble#d8ecf6df8d09b75d0eb8b1c895381fad97690d22",
      "from": "github:diazruy/google-maps-utility-library-v3-infobubble"
    },
    "klass": {
      "version": "github:ded/klass#d356220f2a340aed4909a02c242d3281b5991555",
      "from": "github:ded/klass"
    }
  }
}
